
Microsoft Visual Studio Solution File, Format Version 12.00
Project("{FAE04EC0-301F-11D3-BF4B-00C04F79EFBC}") = "ChessBotCore", "ChessBotCore\ChessBotCore.csproj", "{C40BD1DC-76DC-49EE-8F2F-AA46E8A66E69}"
EndProject
Project("{FAE04EC0-301F-11D3-BF4B-00C04F79EFBC}") = "ConsoleInterface", "ConsoleInterface\ConsoleInterface.csproj", "{C06A3E9A-CBA9-46A5-AE58-FCE57A3B4D3D}"
EndProject
Project("{FAE04EC0-301F-11D3-BF4B-00C04F79EFBC}") = "UnitTests", "UnitTests\UnitTests.csproj", "{70768DF6-ABCD-41C5-B758-3E17703B0120}"
EndProject
Project("{FAE04EC0-301F-11D3-BF4B-00C04F79EFBC}") = "Benchmarks", "Benchmarks\Benchmarks.csproj", "{1CAE681F-7FFC-4546-A146-E767E935B75E}"
EndProject
Global
	GlobalSection(SolutionConfigurationPlatforms) = preSolution
		Debug|Any CPU = Debug|Any CPU
		Release|Any CPU = Release|Any CPU
	EndGlobalSection
	GlobalSection(ProjectConfigurationPlatforms) = postSolution
		{C40BD1DC-76DC-49EE-8F2F-AA46E8A66E69}.Debug|Any CPU.ActiveCfg = Debug|Any CPU
		{C40BD1DC-76DC-49EE-8F2F-AA46E8A66E69}.Debug|Any CPU.Build.0 = Debug|Any CPU
		{C40BD1DC-76DC-49EE-8F2F-AA46E8A66E69}.Release|Any CPU.ActiveCfg = Release|Any CPU
		{C40BD1DC-76DC-49EE-8F2F-AA46E8A66E69}.Release|Any CPU.Build.0 = Release|Any CPU
		{C06A3E9A-CBA9-46A5-AE58-FCE57A3B4D3D}.Debug|Any CPU.ActiveCfg = Debug|Any CPU
		{C06A3E9A-CBA9-46A5-AE58-FCE57A3B4D3D}.Debug|Any CPU.Build.0 = Debug|Any CPU
		{C06A3E9A-CBA9-46A5-AE58-FCE57A3B4D3D}.Release|Any CPU.ActiveCfg = Release|Any CPU
		{C06A3E9A-CBA9-46A5-AE58-FCE57A3B4D3D}.Release|Any CPU.Build.0 = Release|Any CPU
		{70768DF6-ABCD-41C5-B758-3E17703B0120}.Debug|Any CPU.ActiveCfg = Debug|Any CPU
		{70768DF6-ABCD-41C5-B758-3E17703B0120}.Debug|Any CPU.Build.0 = Debug|Any CPU
		{70768DF6-ABCD-41C5-B758-3E17703B0120}.Release|Any CPU.ActiveCfg = Release|Any CPU
		{70768DF6-ABCD-41C5-B758-3E17703B0120}.Release|Any CPU.Build.0 = Release|Any CPU
		{1CAE681F-7FFC-4546-A146-E767E935B75E}.Debug|Any CPU.ActiveCfg = Debug|Any CPU
		{1CAE681F-7FFC-4546-A146-E767E935B75E}.Debug|Any CPU.Build.0 = Debug|Any CPU
		{1CAE681F-7FFC-4546-A146-E767E935B75E}.Release|Any CPU.ActiveCfg = Release|Any CPU
		{1CAE681F-7FFC-4546-A146-E767E935B75E}.Release|Any CPU.Build.0 = Release|Any CPU
	EndGlobalSection
EndGlobal
